
Microsoft Visual Studio Solution File, Format Version 12.00
# Visual Studio Version 16
VisualStudioVersion = 16.0.30413.136
MinimumVisualStudioVersion = 10.0.40219.1
Project("{FAE04EC0-301F-11D3-BF4B-00C04F79EFBC}") = "CSharpConsole", "CSharpConsole\CSharpConsole.csproj", "{3EE252F4-C336-4434-AE43-65B01AE96153}"
EndProject
Global
	GlobalSection(SolutionConfigurationPlatforms) = preSolution
		Debug|Any CPU = Debug|Any CPU
		Release|Any CPU = Release|Any CPU
	EndGlobalSection
	GlobalSection(ProjectConfigurationPlatforms) = postSolution
		{3EE252F4-C336-4434-AE43-65B01AE96153}.Debug|Any CPU.ActiveCfg = Debug|Any CPU
		{3EE252F4-C336-4434-AE43-65B01AE96153}.Debug|Any CPU.Build.0 = Debug|Any CPU
		{3EE252F4-C336-4434-AE43-65B01AE96153}.Release|Any CPU.ActiveCfg = Release|Any CPU
		{3EE252F4-C336-4434-AE43-65B01AE96153}.Release|Any CPU.Build.0 = Release|Any CPU
	EndGlobalSection
	GlobalSection(SolutionProperties) = preSolution
		HideSolutionNode = FALSE
	EndGlobalSection
	GlobalSection(ExtensibilityGlobals) = postSolution
		SolutionGuid = {82B6B45E-CD1D-4066-B659-D37580EC5242}
	EndGlobalSection
EndGlobal
